
Microsoft Visual Studio Solution File, Format Version 12.00
# Visual Studio Version 16
VisualStudioVersion = 16.0.29926.136
MinimumVisualStudioVersion = 10.0.40219.1
Project("{9A19103F-16F7-4668-BE54-9A1E7A4F7556}") = "UniLink.API", "UniLink.API\UniLink.API.csproj", "{4F489DBF-DA1E-4528-A5D2-E6B058E6BE61}"
EndProject
Project("{9A19103F-16F7-4668-BE54-9A1E7A4F7556}") = "UniLink.Client.Site", "UniLink.Client.Site\UniLink.Client.Site.csproj", "{A4BC7EE2-3C07-4DC2-946B-F076F29EFE3E}"
EndProject
Project("{9A19103F-16F7-4668-BE54-9A1E7A4F7556}") = "UniLink.Dependencies", "UniLink.Dependencies\UniLink.Dependencies.csproj", "{C03798D4-8184-4E8F-904E-C79F00508C4D}"
EndProject
Project("{FAE04EC0-301F-11D3-BF4B-00C04F79EFBC}") = "UniLink.Client.Web", "UniLink.Client.Web\UniLink.Client.Web.csproj", "{BBE0B44D-86CF-4C8B-93A6-37CC2D5070B8}"
EndProject
Global
	GlobalSection(SolutionConfigurationPlatforms) = preSolution
		Debug|Any CPU = Debug|Any CPU
		Release|Any CPU = Release|Any CPU
	EndGlobalSection
	GlobalSection(ProjectConfigurationPlatforms) = postSolution
		{4F489DBF-DA1E-4528-A5D2-E6B058E6BE61}.Debug|Any CPU.ActiveCfg = Debug|Any CPU
		{4F489DBF-DA1E-4528-A5D2-E6B058E6BE61}.Debug|Any CPU.Build.0 = Debug|Any CPU
		{4F489DBF-DA1E-4528-A5D2-E6B058E6BE61}.Release|Any CPU.ActiveCfg = Release|Any CPU
		{4F489DBF-DA1E-4528-A5D2-E6B058E6BE61}.Release|Any CPU.Build.0 = Release|Any CPU
		{A4BC7EE2-3C07-4DC2-946B-F076F29EFE3E}.Debug|Any CPU.ActiveCfg = Debug|Any CPU
		{A4BC7EE2-3C07-4DC2-946B-F076F29EFE3E}.Debug|Any CPU.Build.0 = Debug|Any CPU
		{A4BC7EE2-3C07-4DC2-946B-F076F29EFE3E}.Release|Any CPU.ActiveCfg = Release|Any CPU
		{A4BC7EE2-3C07-4DC2-946B-F076F29EFE3E}.Release|Any CPU.Build.0 = Release|Any CPU
		{C03798D4-8184-4E8F-904E-C79F00508C4D}.Debug|Any CPU.ActiveCfg = Debug|Any CPU
		{C03798D4-8184-4E8F-904E-C79F00508C4D}.Debug|Any CPU.Build.0 = Debug|Any CPU
		{C03798D4-8184-4E8F-904E-C79F00508C4D}.Release|Any CPU.ActiveCfg = Release|Any CPU
		{C03798D4-8184-4E8F-904E-C79F00508C4D}.Release|Any CPU.Build.0 = Release|Any CPU
		{BBE0B44D-86CF-4C8B-93A6-37CC2D5070B8}.Debug|Any CPU.ActiveCfg = Debug|Any CPU
		{BBE0B44D-86CF-4C8B-93A6-37CC2D5070B8}.Debug|Any CPU.Build.0 = Debug|Any CPU
		{BBE0B44D-86CF-4C8B-93A6-37CC2D5070B8}.Release|Any CPU.ActiveCfg = Release|Any CPU
		{BBE0B44D-86CF-4C8B-93A6-37CC2D5070B8}.Release|Any CPU.Build.0 = Release|Any CPU
	EndGlobalSection
	GlobalSection(SolutionProperties) = preSolution
		HideSolutionNode = FALSE
	EndGlobalSection
	GlobalSection(ExtensibilityGlobals) = postSolution
		SolutionGuid = {6496DDA1-7A47-4046-A157-5260AD671DB9}
	EndGlobalSection
EndGlobal
